# This file was autogenerated by Stack.
# You should not edit this file by hand.
# For more information, please see the documentation at:
#   https://docs.haskellstack.org/en/stable/lock_files

packages:
- completed:
    hackage: PSQueue-1.1.1@sha256:6a047401f39a437c6cf4f866fb9b8f4b53b465bc12ae78c91e5026a653794509,1500
    pantry-tree:
      sha256: 3f3703aa8554ccf834bc1c3457c3df91d73269d1e6ce807d368f75a06328cd82
      size: 340
  original:
    hackage: PSQueue-1.1.1@sha256:6a047401f39a437c6cf4f866fb9b8f4b53b465bc12ae78c91e5026a653794509,1500
snapshots:
- completed:
    sha256: 5a59b2a405b3aba3c00188453be172b85893cab8ebc352b1ef58b0eae5d248a2
    size: 650475
    url: https://raw.githubusercontent.com/commercialhaskell/stackage-snapshots/master/lts/20/26.yaml
  original: lts-20.26
